
Microsoft Visual Studio Solution File, Format Version 12.00
# Visual Studio Version 17
VisualStudioVersion = 17.2.32516.85
MinimumVisualStudioVersion = 10.0.40219.1
Project("{FAE04EC0-301F-11D3-BF4B-00C04F79EFBC}") = "Task_1", "Task_1\Task_1.csproj", "{1E407CBA-88F5-4D71-89F7-D598AD05BFEE}"
EndProject
Global
	GlobalSection(SolutionConfigurationPlatforms) = preSolution
		Debug|Any CPU = Debug|Any CPU
		Release|Any CPU = Release|Any CPU
	EndGlobalSection
	GlobalSection(ProjectConfigurationPlatforms) = postSolution
		{1E407CBA-88F5-4D71-89F7-D598AD05BFEE}.Debug|Any CPU.ActiveCfg = Debug|Any CPU
		{1E407CBA-88F5-4D71-89F7-D598AD05BFEE}.Debug|Any CPU.Build.0 = Debug|Any CPU
		{1E407CBA-88F5-4D71-89F7-D598AD05BFEE}.Release|Any CPU.ActiveCfg = Release|Any CPU
		{1E407CBA-88F5-4D71-89F7-D598AD05BFEE}.Release|Any CPU.Build.0 = Release|Any CPU
	EndGlobalSection
	GlobalSection(SolutionProperties) = preSolution
		HideSolutionNode = FALSE
	EndGlobalSection
	GlobalSection(ExtensibilityGlobals) = postSolution
		SolutionGuid = {EBA44ED7-467A-466F-A0AE-9C2E81A1A1B9}
	EndGlobalSection
EndGlobal
