
Microsoft Visual Studio Solution File, Format Version 12.00
# Visual Studio Version 17
VisualStudioVersion = 17.2.32516.85
MinimumVisualStudioVersion = 10.0.40219.1
Project("{FAE04EC0-301F-11D3-BF4B-00C04F79EFBC}") = "Task_1", "Task_1\Task_1.csproj", "{AE682617-B224-4522-8AF7-4BBBC63C6853}"
EndProject
Global
	GlobalSection(SolutionConfigurationPlatforms) = preSolution
		Debug|Any CPU = Debug|Any CPU
		Release|Any CPU = Release|Any CPU
	EndGlobalSection
	GlobalSection(ProjectConfigurationPlatforms) = postSolution
		{AE682617-B224-4522-8AF7-4BBBC63C6853}.Debug|Any CPU.ActiveCfg = Debug|Any CPU
		{AE682617-B224-4522-8AF7-4BBBC63C6853}.Debug|Any CPU.Build.0 = Debug|Any CPU
		{AE682617-B224-4522-8AF7-4BBBC63C6853}.Release|Any CPU.ActiveCfg = Release|Any CPU
		{AE682617-B224-4522-8AF7-4BBBC63C6853}.Release|Any CPU.Build.0 = Release|Any CPU
	EndGlobalSection
	GlobalSection(SolutionProperties) = preSolution
		HideSolutionNode = FALSE
	EndGlobalSection
	GlobalSection(ExtensibilityGlobals) = postSolution
		SolutionGuid = {2A170E2F-1132-4B58-9E1D-E0E436D05213}
	EndGlobalSection
EndGlobal
